// !$*UTF8*$!
{
	archiveVersion = 1;
	classes = {
	};
	objectVersion = 46;
	objects = {

/* Begin PBXAggregateTarget section */
		6610DD53121ECAB90047036E /* make */ = {
			isa = PBXAggregateTarget;
			buildConfigurationList = 6610DD5C121ECAE40047036E /* Build configuration list for PBXAggregateTarget "make" */;
			buildPhases = (
				6610DD52121ECAB90047036E /* ShellScript */,
			);
			dependencies = (
			);
			name = make;
			productName = make;
		};
		6610DE34121ED9740047036E /* clean */ = {
			isa = PBXAggregateTarget;
			buildConfigurationList = 6610DE39121ED99E0047036E /* Build configuration list for PBXAggregateTarget "clean" */;
			buildPhases = (
				6610DE33121ED9740047036E /* ShellScript */,
			);
			dependencies = (
			);
			name = clean;
			productName = clean;
		};
		6610E0111221AD040047036E /* make-era */ = {
			isa = PBXAggregateTarget;
			buildConfigurationList = 6610E0141221AD270047036E /* Build configuration list for PBXAggregateTarget "make-era" */;
			buildPhases = (
				6610E0101221AD040047036E /* ShellScript */,
			);
			dependencies = (
			);
			name = "make-era";
			productName = "make-era";
		};
		6610E0151221AD270047036E /* clean-era */ = {
			isa = PBXAggregateTarget;
			buildConfigurationList = 6610E0171221AD270047036E /* Build configuration list for PBXAggregateTarget "clean-era" */;
			buildPhases = (
				6610E0161221AD270047036E /* ShellScript */,
			);
			dependencies = (
			);
			name = "clean-era";
			productName = "make-era";
		};
/* End PBXAggregateTarget section */

/* Begin PBXFileReference section */
		6610DDEB121ECC290047036E /* depend.sh */ = {isa = PBXFileReference; fileEncoding = 4; lastKnownFileType = text.script.sh; path = depend.sh; sourceTree = "<group>"; };
		6610DDEC121ECC290047036E /* MakeHTML.C */ = {isa = PBXFileReference; fileEncoding = 4; lastKnownFileType = sourcecode.cpp.cpp; path = MakeHTML.C; sourceTree = "<group>"; };
		6610DDEE121ECC440047036E /* allPassOne_GSEventNumbers.cxx */ = {isa = PBXFileReference; fileEncoding = 4; lastKnownFileType = sourcecode.cpp.cpp; name = allPassOne_GSEventNumbers.cxx; path = kds/allPassOne_GSEventNumbers.cxx; sourceTree = "<group>"; };
		6610DDEF121ECC440047036E /* breakupKDataFile.cxx */ = {isa = PBXFileReference; fileEncoding = 4; lastKnownFileType = sourcecode.cpp.cpp; name = breakupKDataFile.cxx; path = kds/breakupKDataFile.cxx; sourceTree = "<group>"; };
		6610DDF0121ECC440047036E /* fillEvents.cxx */ = {isa = PBXFileReference; fileEncoding = 4; lastKnownFileType = sourcecode.cpp.cpp; name = fillEvents.cxx; path = kds/fillEvents.cxx; sourceTree = "<group>"; };
		6610DDF1121ECC440047036E /* KBolometerRecord.cxx */ = {isa = PBXFileReference; fileEncoding = 4; lastKnownFileType = sourcecode.cpp.cpp; path = KBolometerRecord.cxx; sourceTree = "<group>"; };
		6610DDF2121ECC440047036E /* KBolometerRecord.h */ = {isa = PBXFileReference; fileEncoding = 4; lastKnownFileType = sourcecode.c.h; path = KBolometerRecord.h; sourceTree = "<group>"; };
		6610DDF3121ECC440047036E /* KBoloPulseRecord.cxx */ = {isa = PBXFileReference; fileEncoding = 4; lastKnownFileType = sourcecode.cpp.cpp; path = KBoloPulseRecord.cxx; sourceTree = "<group>"; };
		6610DDF4121ECC440047036E /* KBoloPulseRecord.h */ = {isa = PBXFileReference; fileEncoding = 4; lastKnownFileType = sourcecode.c.h; path = KBoloPulseRecord.h; sourceTree = "<group>"; };
		6610DDF5121ECC440047036E /* KBoloSystemRecord.cxx */ = {isa = PBXFileReference; fileEncoding = 4; lastKnownFileType = sourcecode.cpp.cpp; path = KBoloSystemRecord.cxx; sourceTree = "<group>"; };
		6610DDF6121ECC440047036E /* KBoloSystemRecord.h */ = {isa = PBXFileReference; fileEncoding = 4; lastKnownFileType = sourcecode.c.h; path = KBoloSystemRecord.h; sourceTree = "<group>"; };
		6610DDF7121ECC440047036E /* KDataAnalysis.cxx */ = {isa = PBXFileReference; fileEncoding = 4; lastKnownFileType = sourcecode.cpp.cpp; path = KDataAnalysis.cxx; sourceTree = "<group>"; };
		6610DDF8121ECC440047036E /* KDataAnalysis.h */ = {isa = PBXFileReference; fileEncoding = 4; lastKnownFileType = sourcecode.c.h; path = KDataAnalysis.h; sourceTree = "<group>"; };
		6610DDF9121ECC440047036E /* KDataFileIO.cxx */ = {isa = PBXFileReference; fileEncoding = 4; lastKnownFileType = sourcecode.cpp.cpp; path = KDataFileIO.cxx; sourceTree = "<group>"; };
		6610DDFA121ECC440047036E /* KDataFileIO.h */ = {isa = PBXFileReference; fileEncoding = 4; lastKnownFileType = sourcecode.c.h; path = KDataFileIO.h; sourceTree = "<group>"; };
		6610DDFB121ECC440047036E /* KDataReader.cxx */ = {isa = PBXFileReference; fileEncoding = 4; lastKnownFileType = sourcecode.cpp.cpp; path = KDataReader.cxx; sourceTree = "<group>"; };
		6610DDFC121ECC440047036E /* KDataReader.h */ = {isa = PBXFileReference; fileEncoding = 4; lastKnownFileType = sourcecode.c.h; path = KDataReader.h; sourceTree = "<group>"; };
		6610DDFD121ECC440047036E /* KDataWriter.cxx */ = {isa = PBXFileReference; fileEncoding = 4; lastKnownFileType = sourcecode.cpp.cpp; path = KDataWriter.cxx; sourceTree = "<group>"; };
		6610DDFE121ECC440047036E /* KDataWriter.h */ = {isa = PBXFileReference; fileEncoding = 4; lastKnownFileType = sourcecode.c.h; path = KDataWriter.h; sourceTree = "<group>"; };
		6610DDFF121ECC440047036E /* KEvent.cxx */ = {isa = PBXFileReference; fileEncoding = 4; lastKnownFileType = sourcecode.cpp.cpp; path = KEvent.cxx; sourceTree = "<group>"; };
		6610DE00121ECC440047036E /* KEvent.h */ = {isa = PBXFileReference; fileEncoding = 4; lastKnownFileType = sourcecode.c.h; path = KEvent.h; sourceTree = "<group>"; };
		6610DE01121ECC440047036E /* KEventCollection.cxx */ = {isa = PBXFileReference; fileEncoding = 4; lastKnownFileType = sourcecode.cpp.cpp; path = KEventCollection.cxx; sourceTree = "<group>"; };
		6610DE02121ECC440047036E /* KEventCollection.h */ = {isa = PBXFileReference; fileEncoding = 4; lastKnownFileType = sourcecode.c.h; path = KEventCollection.h; sourceTree = "<group>"; };
		6610DE03121ECC440047036E /* KEventFactory.cxx */ = {isa = PBXFileReference; fileEncoding = 4; lastKnownFileType = sourcecode.cpp.cpp; path = KEventFactory.cxx; sourceTree = "<group>"; };
		6610DE04121ECC440047036E /* KEventFactory.h */ = {isa = PBXFileReference; fileEncoding = 4; lastKnownFileType = sourcecode.c.h; path = KEventFactory.h; sourceTree = "<group>"; };
		6610DE05121ECC440047036E /* KHLABolometerRecord.cxx */ = {isa = PBXFileReference; fileEncoding = 4; lastKnownFileType = sourcecode.cpp.cpp; path = KHLABolometerRecord.cxx; sourceTree = "<group>"; };
		6610DE06121ECC440047036E /* KHLABolometerRecord.h */ = {isa = PBXFileReference; fileEncoding = 4; lastKnownFileType = sourcecode.c.h; path = KHLABolometerRecord.h; sourceTree = "<group>"; };
		6610DE07121ECC440047036E /* KHLABoloPulseRecord.cxx */ = {isa = PBXFileReference; fileEncoding = 4; lastKnownFileType = sourcecode.cpp.cpp; path = KHLABoloPulseRecord.cxx; sourceTree = "<group>"; };
		6610DE08121ECC440047036E /* KHLABoloPulseRecord.h */ = {isa = PBXFileReference; fileEncoding = 4; lastKnownFileType = sourcecode.c.h; path = KHLABoloPulseRecord.h; sourceTree = "<group>"; };
		6610DE09121ECC440047036E /* KHLABoloSysRecord.cxx */ = {isa = PBXFileReference; fileEncoding = 4; lastKnownFileType = sourcecode.cpp.cpp; path = KHLABoloSysRecord.cxx; sourceTree = "<group>"; };
		6610DE0A121ECC440047036E /* KHLABoloSysRecord.h */ = {isa = PBXFileReference; fileEncoding = 4; lastKnownFileType = sourcecode.c.h; path = KHLABoloSysRecord.h; sourceTree = "<group>"; };
		6610DE0B121ECC440047036E /* KHLAEvent.cxx */ = {isa = PBXFileReference; fileEncoding = 4; lastKnownFileType = sourcecode.cpp.cpp; path = KHLAEvent.cxx; sourceTree = "<group>"; };
		6610DE0C121ECC440047036E /* KHLAEvent.h */ = {isa = PBXFileReference; fileEncoding = 4; lastKnownFileType = sourcecode.c.h; path = KHLAEvent.h; sourceTree = "<group>"; };
		6610DE0D121ECC440047036E /* KHLaMCEvent.cxx */ = {isa = PBXFileReference; fileEncoding = 4; lastKnownFileType = sourcecode.cpp.cpp; path = KHLaMCEvent.cxx; sourceTree = "<group>"; };
		6610DE0E121ECC440047036E /* KHLaMCEvent.h */ = {isa = PBXFileReference; fileEncoding = 4; lastKnownFileType = sourcecode.c.h; path = KHLaMCEvent.h; sourceTree = "<group>"; };
		6610DE0F121ECC440047036E /* KHLAMuonModuleRecord.cxx */ = {isa = PBXFileReference; fileEncoding = 4; lastKnownFileType = sourcecode.cpp.cpp; path = KHLAMuonModuleRecord.cxx; sourceTree = "<group>"; };
		6610DE10121ECC440047036E /* KHLAMuonModuleRecord.h */ = {isa = PBXFileReference; fileEncoding = 4; lastKnownFileType = sourcecode.c.h; path = KHLAMuonModuleRecord.h; sourceTree = "<group>"; };
		6610DE11121ECC440047036E /* KHLAMuonVetoSysRecord.cxx */ = {isa = PBXFileReference; fileEncoding = 4; lastKnownFileType = sourcecode.cpp.cpp; path = KHLAMuonVetoSysRecord.cxx; sourceTree = "<group>"; };
		6610DE12121ECC440047036E /* KHLAMuonVetoSysRecord.h */ = {isa = PBXFileReference; fileEncoding = 4; lastKnownFileType = sourcecode.c.h; path = KHLAMuonVetoSysRecord.h; sourceTree = "<group>"; };
		6610DE13121ECC440047036E /* KHLASambaRecord.cxx */ = {isa = PBXFileReference; fileEncoding = 4; lastKnownFileType = sourcecode.cpp.cpp; path = KHLASambaRecord.cxx; sourceTree = "<group>"; };
		6610DE14121ECC440047036E /* KHLASambaRecord.h */ = {isa = PBXFileReference; fileEncoding = 4; lastKnownFileType = sourcecode.c.h; path = KHLASambaRecord.h; sourceTree = "<group>"; };
		6610DE15121ECC440047036E /* KMCBolometerRecord.cxx */ = {isa = PBXFileReference; fileEncoding = 4; lastKnownFileType = sourcecode.cpp.cpp; path = KMCBolometerRecord.cxx; sourceTree = "<group>"; };
		6610DE16121ECC440047036E /* KMCBolometerRecord.h */ = {isa = PBXFileReference; fileEncoding = 4; lastKnownFileType = sourcecode.c.h; path = KMCBolometerRecord.h; sourceTree = "<group>"; };
		6610DE17121ECC440047036E /* KMuonModuleRecord.cxx */ = {isa = PBXFileReference; fileEncoding = 4; lastKnownFileType = sourcecode.cpp.cpp; path = KMuonModuleRecord.cxx; sourceTree = "<group>"; };
		6610DE18121ECC440047036E /* KMuonModuleRecord.h */ = {isa = PBXFileReference; fileEncoding = 4; lastKnownFileType = sourcecode.c.h; path = KMuonModuleRecord.h; sourceTree = "<group>"; };
		6610DE19121ECC440047036E /* KMuonVetoSystemRecord.cxx */ = {isa = PBXFileReference; fileEncoding = 4; lastKnownFileType = sourcecode.cpp.cpp; path = KMuonVetoSystemRecord.cxx; sourceTree = "<group>"; };
		6610DE1A121ECC440047036E /* KMuonVetoSystemRecord.h */ = {isa = PBXFileReference; fileEncoding = 4; lastKnownFileType = sourcecode.c.h; path = KMuonVetoSystemRecord.h; sourceTree = "<group>"; };
		6610DE1B121ECC440047036E /* KRawEvent.cxx */ = {isa = PBXFileReference; fileEncoding = 4; lastKnownFileType = sourcecode.cpp.cpp; path = KRawEvent.cxx; sourceTree = "<group>"; };
		6610DE1C121ECC440047036E /* KRawEvent.h */ = {isa = PBXFileReference; fileEncoding = 4; lastKnownFileType = sourcecode.c.h; path = KRawEvent.h; sourceTree = "<group>"; };
		6610DE1D121ECC440047036E /* KSambaRecord.cxx */ = {isa = PBXFileReference; fileEncoding = 4; lastKnownFileType = sourcecode.cpp.cpp; path = KSambaRecord.cxx; sourceTree = "<group>"; };
		6610DE1E121ECC440047036E /* KSambaRecord.h */ = {isa = PBXFileReference; fileEncoding = 4; lastKnownFileType = sourcecode.c.h; path = KSambaRecord.h; sourceTree = "<group>"; };
		6610DE1F121ECC440047036E /* KSubRecord.cxx */ = {isa = PBXFileReference; fileEncoding = 4; lastKnownFileType = sourcecode.cpp.cpp; path = KSubRecord.cxx; sourceTree = "<group>"; };
		6610DE20121ECC440047036E /* KSubRecord.h */ = {isa = PBXFileReference; fileEncoding = 4; lastKnownFileType = sourcecode.c.h; path = KSubRecord.h; sourceTree = "<group>"; };
		6610DE21121ECC440047036E /* KSystemRecord.cxx */ = {isa = PBXFileReference; fileEncoding = 4; lastKnownFileType = sourcecode.cpp.cpp; path = KSystemRecord.cxx; sourceTree = "<group>"; };
		6610DE22121ECC440047036E /* KSystemRecord.h */ = {isa = PBXFileReference; fileEncoding = 4; lastKnownFileType = sourcecode.c.h; path = KSystemRecord.h; sourceTree = "<group>"; };
		6610DE23121ECC440047036E /* KTimeStamp.cxx */ = {isa = PBXFileReference; fileEncoding = 4; lastKnownFileType = sourcecode.cpp.cpp; path = KTimeStamp.cxx; sourceTree = "<group>"; };
		6610DE24121ECC440047036E /* KTimeStamp.h */ = {isa = PBXFileReference; fileEncoding = 4; lastKnownFileType = sourcecode.c.h; path = KTimeStamp.h; sourceTree = "<group>"; };
		6610DE25121ECC440047036E /* Module.mk */ = {isa = PBXFileReference; fileEncoding = 4; lastKnownFileType = text; path = Module.mk; sourceTree = "<group>"; };
		6610DE26121ECC440047036E /* Module_libs.mk */ = {isa = PBXFileReference; fileEncoding = 4; lastKnownFileType = text; path = Module_libs.mk; sourceTree = "<group>"; };
		6610DE27121ECC440047036E /* skimNoNoiseBolos.cxx */ = {isa = PBXFileReference; fileEncoding = 4; lastKnownFileType = sourcecode.cpp.cpp; name = skimNoNoiseBolos.cxx; path = kds/skimNoNoiseBolos.cxx; sourceTree = "<group>"; };
		6610DE3B121EDA680047036E /* KMyTemplateClass.cxx */ = {isa = PBXFileReference; fileEncoding = 4; lastKnownFileType = sourcecode.cpp.cpp; path = KMyTemplateClass.cxx; sourceTree = "<group>"; };
		6610DE3C121EDA680047036E /* KMyTemplateClass.h */ = {isa = PBXFileReference; fileEncoding = 4; lastKnownFileType = sourcecode.c.h; path = KMyTemplateClass.h; sourceTree = "<group>"; };
		6610DE3E121EDADB0047036E /* Module_libs.mk */ = {isa = PBXFileReference; fileEncoding = 4; lastKnownFileType = text; path = Module_libs.mk; sourceTree = "<group>"; };
		6610DE3F121EDADB0047036E /* Module.mk */ = {isa = PBXFileReference; fileEncoding = 4; lastKnownFileType = text; path = Module.mk; sourceTree = "<group>"; };
		6610DE9D121F2D100047036E /* Makefile */ = {isa = PBXFileReference; fileEncoding = 4; lastKnownFileType = sourcecode.make; path = Makefile; sourceTree = "<group>"; };
		6610DE9E121F2D180047036E /* BugList.rtf */ = {isa = PBXFileReference; lastKnownFileType = text.rtf; path = BugList.rtf; sourceTree = "<group>"; };
		6610DE9F121F2D210047036E /* WishList.rtf */ = {isa = PBXFileReference; lastKnownFileType = text.rtf; path = WishList.rtf; sourceTree = "<group>"; };
		6610DEA0121F2D2A0047036E /* Modules.mk */ = {isa = PBXFileReference; fileEncoding = 4; lastKnownFileType = text; path = Modules.mk; sourceTree = "<group>"; };
		6610DEA2121F2D390047036E /* checkenv */ = {isa = PBXFileReference; fileEncoding = 4; lastKnownFileType = text.script.perl; path = checkenv; sourceTree = "<group>"; };
		6610DEA3121F2D390047036E /* configure */ = {isa = PBXFileReference; fileEncoding = 4; lastKnownFileType = text.script.perl; path = configure; sourceTree = "<group>"; };
		6610DEA4121F2D3A0047036E /* Makefile.linux */ = {isa = PBXFileReference; fileEncoding = 4; lastKnownFileType = text; path = Makefile.linux; sourceTree = "<group>"; };
		6610DEA5121F2D3A0047036E /* Makefile.linuxx8664gcc */ = {isa = PBXFileReference; fileEncoding = 4; lastKnownFileType = text; path = Makefile.linuxx8664gcc; sourceTree = "<group>"; };
		6610DEA6121F2D3A0047036E /* Makefile.macosx */ = {isa = PBXFileReference; fileEncoding = 4; lastKnownFileType = text; path = Makefile.macosx; sourceTree = "<group>"; };
		6610DEA7121F2D3A0047036E /* Makefile.macosx64 */ = {isa = PBXFileReference; fileEncoding = 4; lastKnownFileType = text; path = Makefile.macosx64; sourceTree = "<group>"; };
		6610DEA8121F2D3A0047036E /* Makefile.solarisCC5 */ = {isa = PBXFileReference; fileEncoding = 4; lastKnownFileType = text; path = Makefile.solarisCC5; sourceTree = "<group>"; };
		6610DEA9121F2D3A0047036E /* Makefile.solarisgcc */ = {isa = PBXFileReference; fileEncoding = 4; lastKnownFileType = text; path = Makefile.solarisgcc; sourceTree = "<group>"; };
		6610DEAA121F2D3A0047036E /* min_versions.pm */ = {isa = PBXFileReference; fileEncoding = 4; lastKnownFileType = text.script.perl; path = min_versions.pm; sourceTree = "<group>"; };
		6610DEAB121F2D3A0047036E /* setup_edw.C */ = {isa = PBXFileReference; fileEncoding = 4; lastKnownFileType = sourcecode.cpp.cpp; path = setup_edw.C; sourceTree = "<group>"; };
		6610DEAC121F2D3A0047036E /* setup_kdata.csh */ = {isa = PBXFileReference; fileEncoding = 4; lastKnownFileType = text.script.csh; path = setup_kdata.csh; sourceTree = "<group>"; };
		6610DEAD121F2D3A0047036E /* setup_kdata.sh */ = {isa = PBXFileReference; fileEncoding = 4; lastKnownFileType = text.script.sh; path = setup_kdata.sh; sourceTree = "<group>"; };
		6610DEAF121F2D440047036E /* concatDst.cc */ = {isa = PBXFileReference; fileEncoding = 4; lastKnownFileType = sourcecode.cpp.cpp; path = concatDst.cc; sourceTree = "<group>"; };
		6610DEB0121F2D440047036E /* ExampleAnalysis.cc */ = {isa = PBXFileReference; fileEncoding = 4; lastKnownFileType = sourcecode.cpp.cpp; path = ExampleAnalysis.cc; sourceTree = "<group>"; };
		6610DEB1121F2D440047036E /* fillEraToKEds.cc */ = {isa = PBXFileReference; fileEncoding = 4; lastKnownFileType = sourcecode.cpp.cpp; path = fillEraToKEds.cc; sourceTree = "<group>"; };
		6610DEB2121F2D440047036E /* fillExample.cc */ = {isa = PBXFileReference; fileEncoding = 4; lastKnownFileType = sourcecode.cpp.cpp; path = fillExample.cc; sourceTree = "<group>"; };
		6610DEB3121F2D440047036E /* fillMuonVetoEvents.cc */ = {isa = PBXFileReference; fileEncoding = 4; lastKnownFileType = sourcecode.cpp.cpp; path = fillMuonVetoEvents.cc; sourceTree = "<group>"; };
		6610DEB4121F2D440047036E /* HowToFillEDS.txt */ = {isa = PBXFileReference; fileEncoding = 4; lastKnownFileType = text; path = HowToFillEDS.txt; sourceTree = "<group>"; };
		6610DEB5121F2D440047036E /* mergeKEdsTree.cc */ = {isa = PBXFileReference; fileEncoding = 4; lastKnownFileType = sourcecode.cpp.cpp; path = mergeKEdsTree.cc; sourceTree = "<group>"; };
		6610DEB6121F2D440047036E /* processMuonVetoToKEDSOnKalinka.root.C */ = {isa = PBXFileReference; fileEncoding = 4; lastKnownFileType = sourcecode.cpp.cpp; path = processMuonVetoToKEDSOnKalinka.root.C; sourceTree = "<group>"; };
		6610DEB7121F2D440047036E /* rootScript_concatBoloEra.c */ = {isa = PBXFileReference; fileEncoding = 4; lastKnownFileType = sourcecode.c.c; path = rootScript_concatBoloEra.c; sourceTree = "<group>"; };
		6610DEB8121F2D440047036E /* rootScript_concatMuonKEdwDS.c */ = {isa = PBXFileReference; fileEncoding = 4; lastKnownFileType = sourcecode.c.c; path = rootScript_concatMuonKEdwDS.c; sourceTree = "<group>"; };
		6610DEB9121F2D440047036E /* rootScript_fillEraToKEdsEvents.c */ = {isa = PBXFileReference; fileEncoding = 4; lastKnownFileType = sourcecode.c.c; path = rootScript_fillEraToKEdsEvents.c; sourceTree = "<group>"; };
		6610DEBA121F2D440047036E /* rootScript_fillExample.c */ = {isa = PBXFileReference; fileEncoding = 4; lastKnownFileType = sourcecode.c.c; path = rootScript_fillExample.c; sourceTree = "<group>"; };
		6610DEBB121F2D440047036E /* rootScript_mergeKEdsTrees.c */ = {isa = PBXFileReference; fileEncoding = 4; lastKnownFileType = sourcecode.c.c; path = rootScript_mergeKEdsTrees.c; sourceTree = "<group>"; };
		6610DEBC121F2D440047036E /* scriptStartMerge.sh */ = {isa = PBXFileReference; fileEncoding = 4; lastKnownFileType = text.script.sh; path = scriptStartMerge.sh; sourceTree = "<group>"; };
		6610DEBD121F2D440047036E /* testMem.C */ = {isa = PBXFileReference; fileEncoding = 4; lastKnownFileType = sourcecode.cpp.cpp; path = testMem.C; sourceTree = "<group>"; };
		6610DF2812208FB10047036E /* exampleProgram.cxx */ = {isa = PBXFileReference; fileEncoding = 4; lastKnownFileType = sourcecode.cpp.cpp; path = exampleProgram.cxx; sourceTree = "<group>"; };
		6610DF47122096630047036E /* install_kdata */ = {isa = PBXFileReference; fileEncoding = 4; lastKnownFileType = text.script.csh; path = install_kdata; sourceTree = "<group>"; };
		6610DF4E122149780047036E /* _old_module.mk */ = {isa = PBXFileReference; fileEncoding = 4; lastKnownFileType = text; path = _old_module.mk; sourceTree = "<group>"; };
		6610DF4F122149780047036E /* _old_module_libs.mk */ = {isa = PBXFileReference; fileEncoding = 4; lastKnownFileType = text; path = _old_module_libs.mk; sourceTree = "<group>"; };
		6610DF50122149780047036E /* EdwAnaDB.cxx */ = {isa = PBXFileReference; fileEncoding = 4; lastKnownFileType = sourcecode.cpp.cpp; path = EdwAnaDB.cxx; sourceTree = "<group>"; };
		6610DF51122149780047036E /* EdwAnaDB.h */ = {isa = PBXFileReference; fileEncoding = 4; lastKnownFileType = sourcecode.c.h; path = EdwAnaDB.h; sourceTree = "<group>"; };
		6610DF52122149780047036E /* EdwAutomateData.cxx */ = {isa = PBXFileReference; fileEncoding = 4; lastKnownFileType = sourcecode.cpp.cpp; path = EdwAutomateData.cxx; sourceTree = "<group>"; };
		6610DF53122149780047036E /* EdwAutomateData.h */ = {isa = PBXFileReference; fileEncoding = 4; lastKnownFileType = sourcecode.c.h; path = EdwAutomateData.h; sourceTree = "<group>"; };
		6610DF54122149780047036E /* EdwDB.cxx */ = {isa = PBXFileReference; fileEncoding = 4; lastKnownFileType = sourcecode.cpp.cpp; path = EdwDB.cxx; sourceTree = "<group>"; };
		6610DF55122149780047036E /* EdwDB.h */ = {isa = PBXFileReference; fileEncoding = 4; lastKnownFileType = sourcecode.c.h; path = EdwDB.h; sourceTree = "<group>"; };
		6610DF56122149780047036E /* EdwEvent.cxx */ = {isa = PBXFileReference; fileEncoding = 4; lastKnownFileType = sourcecode.cpp.cpp; path = EdwEvent.cxx; sourceTree = "<group>"; };
		6610DF57122149780047036E /* EdwEvent.h */ = {isa = PBXFileReference; fileEncoding = 4; lastKnownFileType = sourcecode.c.h; path = EdwEvent.h; sourceTree = "<group>"; };
		6610DF58122149780047036E /* EdwEventHeader.cxx */ = {isa = PBXFileReference; fileEncoding = 4; lastKnownFileType = sourcecode.cpp.cpp; path = EdwEventHeader.cxx; sourceTree = "<group>"; };
		6610DF59122149780047036E /* EdwEventHeader.h */ = {isa = PBXFileReference; fileEncoding = 4; lastKnownFileType = sourcecode.c.h; path = EdwEventHeader.h; sourceTree = "<group>"; };
		6610DF5A122149780047036E /* EdwNtpBuffer.cxx */ = {isa = PBXFileReference; fileEncoding = 4; lastKnownFileType = sourcecode.cpp.cpp; path = EdwNtpBuffer.cxx; sourceTree = "<group>"; };
		6610DF5B122149780047036E /* EdwNtpBuffer.h */ = {isa = PBXFileReference; fileEncoding = 4; lastKnownFileType = sourcecode.c.h; path = EdwNtpBuffer.h; sourceTree = "<group>"; };
		6610DF5C122149780047036E /* EdwNtuple.cxx */ = {isa = PBXFileReference; fileEncoding = 4; lastKnownFileType = sourcecode.cpp.cpp; path = EdwNtuple.cxx; sourceTree = "<group>"; };
		6610DF5D122149780047036E /* EdwNtuple.h */ = {isa = PBXFileReference; fileEncoding = 4; lastKnownFileType = sourcecode.c.h; path = EdwNtuple.h; sourceTree = "<group>"; };
		6610DF5E122149780047036E /* EdwParams.cxx */ = {isa = PBXFileReference; fileEncoding = 4; lastKnownFileType = sourcecode.cpp.cpp; path = EdwParams.cxx; sourceTree = "<group>"; };
		6610DF5F122149780047036E /* EdwPreprocessData.cxx */ = {isa = PBXFileReference; fileEncoding = 4; lastKnownFileType = sourcecode.cpp.cpp; path = EdwPreprocessData.cxx; sourceTree = "<group>"; };
		6610DF60122149780047036E /* EdwPreprocessData.h */ = {isa = PBXFileReference; fileEncoding = 4; lastKnownFileType = sourcecode.c.h; path = EdwPreprocessData.h; sourceTree = "<group>"; };
		6610DF61122149780047036E /* EdwPulse.cxx */ = {isa = PBXFileReference; fileEncoding = 4; lastKnownFileType = sourcecode.cpp.cpp; path = EdwPulse.cxx; sourceTree = "<group>"; };
		6610DF62122149780047036E /* EdwPulse.h */ = {isa = PBXFileReference; fileEncoding = 4; lastKnownFileType = sourcecode.c.h; path = EdwPulse.h; sourceTree = "<group>"; };
		6610DF63122149780047036E /* EdwQualityFlags.cxx */ = {isa = PBXFileReference; fileEncoding = 4; lastKnownFileType = sourcecode.cpp.cpp; path = EdwQualityFlags.cxx; sourceTree = "<group>"; };
		6610DF64122149780047036E /* EdwQualityFlags.h */ = {isa = PBXFileReference; fileEncoding = 4; lastKnownFileType = sourcecode.c.h; path = EdwQualityFlags.h; sourceTree = "<group>"; };
		6610DF65122149780047036E /* EdwRawDB.cxx */ = {isa = PBXFileReference; fileEncoding = 4; lastKnownFileType = sourcecode.cpp.cpp; path = EdwRawDB.cxx; sourceTree = "<group>"; };
		6610DF66122149780047036E /* EdwRawDB.h */ = {isa = PBXFileReference; fileEncoding = 4; lastKnownFileType = sourcecode.c.h; path = EdwRawDB.h; sourceTree = "<group>"; };
		6610DF67122149780047036E /* edwrootana.cxx */ = {isa = PBXFileReference; fileEncoding = 4; lastKnownFileType = sourcecode.cpp.cpp; path = edwrootana.cxx; sourceTree = "<group>"; };
		6610DF68122149780047036E /* EdwRunData.cxx */ = {isa = PBXFileReference; fileEncoding = 4; lastKnownFileType = sourcecode.cpp.cpp; path = EdwRunData.cxx; sourceTree = "<group>"; };
		6610DF69122149780047036E /* EdwRunData.h */ = {isa = PBXFileReference; fileEncoding = 4; lastKnownFileType = sourcecode.c.h; path = EdwRunData.h; sourceTree = "<group>"; };
		6610DF6A122149780047036E /* EdwSetupData.cxx */ = {isa = PBXFileReference; fileEncoding = 4; lastKnownFileType = sourcecode.cpp.cpp; path = EdwSetupData.cxx; sourceTree = "<group>"; };
		6610DF6B122149780047036E /* EdwSetupData.h */ = {isa = PBXFileReference; fileEncoding = 4; lastKnownFileType = sourcecode.c.h; path = EdwSetupData.h; sourceTree = "<group>"; };
		6610DF6C122149780047036E /* EdwTemplate.cxx */ = {isa = PBXFileReference; fileEncoding = 4; lastKnownFileType = sourcecode.cpp.cpp; path = EdwTemplate.cxx; sourceTree = "<group>"; };
		6610DF6D122149780047036E /* EdwTemplate.h */ = {isa = PBXFileReference; fileEncoding = 4; lastKnownFileType = sourcecode.c.h; path = EdwTemplate.h; sourceTree = "<group>"; };
		6610DF6E122149780047036E /* EdwUtils.cxx */ = {isa = PBXFileReference; fileEncoding = 4; lastKnownFileType = sourcecode.cpp.cpp; path = EdwUtils.cxx; sourceTree = "<group>"; };
		6610DF6F122149780047036E /* EdwUtils.h */ = {isa = PBXFileReference; fileEncoding = 4; lastKnownFileType = sourcecode.c.h; path = EdwUtils.h; sourceTree = "<group>"; };
		6610DF70122149780047036E /* FitPulse.cxx */ = {isa = PBXFileReference; fileEncoding = 4; lastKnownFileType = sourcecode.cpp.cpp; path = FitPulse.cxx; sourceTree = "<group>"; };
		6610DF71122149780047036E /* FitPulse.h */ = {isa = PBXFileReference; fileEncoding = 4; lastKnownFileType = sourcecode.c.h; path = FitPulse.h; sourceTree = "<group>"; };
		6610DF72122149780047036E /* Mixfft.cxx */ = {isa = PBXFileReference; fileEncoding = 4; lastKnownFileType = sourcecode.cpp.cpp; path = Mixfft.cxx; sourceTree = "<group>"; };
		6610DF73122149780047036E /* Module.mk */ = {isa = PBXFileReference; fileEncoding = 4; lastKnownFileType = text; path = Module.mk; sourceTree = "<group>"; };
		6610DF74122149780047036E /* Module_libs.mk */ = {isa = PBXFileReference; fileEncoding = 4; lastKnownFileType = text; path = Module_libs.mk; sourceTree = "<group>"; };
		6610DF75122149780047036E /* mRootAna_tests.cxx */ = {isa = PBXFileReference; fileEncoding = 4; lastKnownFileType = sourcecode.cpp.cpp; path = mRootAna_tests.cxx; sourceTree = "<group>"; };
		6610DF76122149780047036E /* OffsetFFT.cxx */ = {isa = PBXFileReference; fileEncoding = 4; lastKnownFileType = sourcecode.cpp.cpp; path = OffsetFFT.cxx; sourceTree = "<group>"; };
		6610DF77122149780047036E /* OffsetFFT.h */ = {isa = PBXFileReference; fileEncoding = 4; lastKnownFileType = sourcecode.c.h; path = OffsetFFT.h; sourceTree = "<group>"; };
		6610DF78122149780047036E /* Pulse.cxx */ = {isa = PBXFileReference; fileEncoding = 4; lastKnownFileType = sourcecode.cpp.cpp; path = Pulse.cxx; sourceTree = "<group>"; };
		6610DF79122149780047036E /* Pulse.h */ = {isa = PBXFileReference; fileEncoding = 4; lastKnownFileType = sourcecode.c.h; path = Pulse.h; sourceTree = "<group>"; };
		6610DF7A122149780047036E /* SambaToRoot.cxx */ = {isa = PBXFileReference; fileEncoding = 4; lastKnownFileType = sourcecode.cpp.cpp; path = SambaToRoot.cxx; sourceTree = "<group>"; };
		6610DF7B122149780047036E /* SambaToRoot.h */ = {isa = PBXFileReference; fileEncoding = 4; lastKnownFileType = sourcecode.c.h; path = SambaToRoot.h; sourceTree = "<group>"; };
		6610DF891221646E0047036E /* basicprocess.sh */ = {isa = PBXFileReference; fileEncoding = 4; lastKnownFileType = text.script.sh; path = basicprocess.sh; sourceTree = "<group>"; };
		6610DF8A1221646E0047036E /* buildrawdb.sh */ = {isa = PBXFileReference; fileEncoding = 4; lastKnownFileType = text.script.sh; path = buildrawdb.sh; sourceTree = "<group>"; };
		6610DF8B1221646E0047036E /* buildtemplate.sh */ = {isa = PBXFileReference; fileEncoding = 4; lastKnownFileType = text.script.sh; path = buildtemplate.sh; sourceTree = "<group>"; };
		6610DF8C1221646E0047036E /* calibwiener.sh */ = {isa = PBXFileReference; fileEncoding = 4; lastKnownFileType = text.script.sh; path = calibwiener.sh; sourceTree = "<group>"; };
		6610DF8D1221646E0047036E /* getdatafromsrb.sh */ = {isa = PBXFileReference; fileEncoding = 4; lastKnownFileType = text.script.sh; path = getdatafromsrb.sh; sourceTree = "<group>"; };
		6610DF8E1221646E0047036E /* getnbevts.sh */ = {isa = PBXFileReference; fileEncoding = 4; lastKnownFileType = text.script.sh; path = getnbevts.sh; sourceTree = "<group>"; };
		6610DF8F1221646E0047036E /* preprocess.sh */ = {isa = PBXFileReference; fileEncoding = 4; lastKnownFileType = text.script.sh; path = preprocess.sh; sourceTree = "<group>"; };
		6610DF901221646E0047036E /* process.sh */ = {isa = PBXFileReference; fileEncoding = 4; lastKnownFileType = text.script.sh; path = process.sh; sourceTree = "<group>"; };
		6610DF911221646E0047036E /* process_nosync.sh */ = {isa = PBXFileReference; fileEncoding = 4; lastKnownFileType = text.script.sh; path = process_nosync.sh; sourceTree = "<group>"; };
		6610DF921221646E0047036E /* readsamba.sh */ = {isa = PBXFileReference; fileEncoding = 4; lastKnownFileType = text.script.sh; path = readsamba.sh; sourceTree = "<group>"; };
		6610DF941221649F0047036E /* AcceptanceFunction.C */ = {isa = PBXFileReference; fileEncoding = 4; lastKnownFileType = sourcecode.cpp.cpp; path = AcceptanceFunction.C; sourceTree = "<group>"; };
		6610DF951221649F0047036E /* AcceptGlobal.C */ = {isa = PBXFileReference; fileEncoding = 4; lastKnownFileType = sourcecode.cpp.cpp; path = AcceptGlobal.C; sourceTree = "<group>"; };
		6610DF961221649F0047036E /* analyse_gc2.C */ = {isa = PBXFileReference; fileEncoding = 4; lastKnownFileType = sourcecode.cpp.cpp; path = analyse_gc2.C; sourceTree = "<group>"; };
		6610DF971221649F0047036E /* analyse_idrun10_bckgd.C */ = {isa = PBXFileReference; fileEncoding = 4; lastKnownFileType = sourcecode.cpp.cpp; path = analyse_idrun10_bckgd.C; sourceTree = "<group>"; };
		6610DF981221649F0047036E /* analyse_idrun10_gamma.C */ = {isa = PBXFileReference; fileEncoding = 4; lastKnownFileType = sourcecode.cpp.cpp; path = analyse_idrun10_gamma.C; sourceTree = "<group>"; };
		6610DF991221649F0047036E /* analyse_idrun10_neutrons.C */ = {isa = PBXFileReference; fileEncoding = 4; lastKnownFileType = sourcecode.cpp.cpp; path = analyse_idrun10_neutrons.C; sourceTree = "<group>"; };
		6610DF9A1221649F0047036E /* analyse_idrun12_bckgd.C */ = {isa = PBXFileReference; fileEncoding = 4; lastKnownFileType = sourcecode.cpp.cpp; path = analyse_idrun12_bckgd.C; sourceTree = "<group>"; };
		6610DF9B1221649F0047036E /* analyse_idrun12_gamma.C */ = {isa = PBXFileReference; fileEncoding = 4; lastKnownFileType = sourcecode.cpp.cpp; path = analyse_idrun12_gamma.C; sourceTree = "<group>"; };
		6610DF9C1221649F0047036E /* analyse_idrun12_global.C */ = {isa = PBXFileReference; fileEncoding = 4; lastKnownFileType = sourcecode.cpp.cpp; path = analyse_idrun12_global.C; sourceTree = "<group>"; };
		6610DF9D1221649F0047036E /* analyse_idrun12_neutrons.C */ = {isa = PBXFileReference; fileEncoding = 4; lastKnownFileType = sourcecode.cpp.cpp; path = analyse_idrun12_neutrons.C; sourceTree = "<group>"; };
		6610DF9E1221649F0047036E /* analyse_idrun12bis_bckgd.C */ = {isa = PBXFileReference; fileEncoding = 4; lastKnownFileType = sourcecode.cpp.cpp; path = analyse_idrun12bis_bckgd.C; sourceTree = "<group>"; };
		6610DF9F1221649F0047036E /* analyse_idrun12bis_gamma.C */ = {isa = PBXFileReference; fileEncoding = 4; lastKnownFileType = sourcecode.cpp.cpp; path = analyse_idrun12bis_gamma.C; sourceTree = "<group>"; };
		6610DFA01221649F0047036E /* analyse_idrun12bis_neutrons.C */ = {isa = PBXFileReference; fileEncoding = 4; lastKnownFileType = sourcecode.cpp.cpp; path = analyse_idrun12bis_neutrons.C; sourceTree = "<group>"; };
		6610DFA11221649F0047036E /* BaselineEvol.C */ = {isa = PBXFileReference; fileEncoding = 4; lastKnownFileType = sourcecode.cpp.cpp; path = BaselineEvol.C; sourceTree = "<group>"; };
		6610DFA21221649F0047036E /* BuildBoloRunList.C */ = {isa = PBXFileReference; fileEncoding = 4; lastKnownFileType = sourcecode.cpp.cpp; path = BuildBoloRunList.C; sourceTree = "<group>"; };
		6610DFA31221649F0047036E /* BuildCutFile.C */ = {isa = PBXFileReference; fileEncoding = 4; lastKnownFileType = sourcecode.cpp.cpp; path = BuildCutFile.C; sourceTree = "<group>"; };
		6610DFA41221649F0047036E /* BuildDST.C */ = {isa = PBXFileReference; fileEncoding = 4; lastKnownFileType = sourcecode.cpp.cpp; path = BuildDST.C; sourceTree = "<group>"; };
		6610DFA51221649F0047036E /* BuildDSTRed.C */ = {isa = PBXFileReference; fileEncoding = 4; lastKnownFileType = sourcecode.cpp.cpp; path = BuildDSTRed.C; sourceTree = "<group>"; };
		6610DFA61221649F0047036E /* BuildHeatEnergy.C */ = {isa = PBXFileReference; fileEncoding = 4; lastKnownFileType = sourcecode.cpp.cpp; path = BuildHeatEnergy.C; sourceTree = "<group>"; };
		6610DFA71221649F0047036E /* BuildIonEnergy.C */ = {isa = PBXFileReference; fileEncoding = 4; lastKnownFileType = sourcecode.cpp.cpp; path = BuildIonEnergy.C; sourceTree = "<group>"; };
		6610DFA81221649F0047036E /* BuildPeriodList.C */ = {isa = PBXFileReference; fileEncoding = 4; lastKnownFileType = sourcecode.cpp.cpp; path = BuildPeriodList.C; sourceTree = "<group>"; };
		6610DFA91221649F0047036E /* BuildTimestamp.C */ = {isa = PBXFileReference; fileEncoding = 4; lastKnownFileType = sourcecode.cpp.cpp; path = BuildTimestamp.C; sourceTree = "<group>"; };
		6610DFAA1221649F0047036E /* ChannelName.C */ = {isa = PBXFileReference; fileEncoding = 4; lastKnownFileType = sourcecode.cpp.cpp; path = ChannelName.C; sourceTree = "<group>"; };
		6610DFAB1221649F0047036E /* ChannelType.C */ = {isa = PBXFileReference; fileEncoding = 4; lastKnownFileType = sourcecode.cpp.cpp; path = ChannelType.C; sourceTree = "<group>"; };
		6610DFAC1221649F0047036E /* Chi2Distri.C */ = {isa = PBXFileReference; fileEncoding = 4; lastKnownFileType = sourcecode.cpp.cpp; path = Chi2Distri.C; sourceTree = "<group>"; };
		6610DFAD1221649F0047036E /* Collectrodes.C */ = {isa = PBXFileReference; fileEncoding = 4; lastKnownFileType = sourcecode.cpp.cpp; path = Collectrodes.C; sourceTree = "<group>"; };
		6610DFAE1221649F0047036E /* CosmogenicLine.C */ = {isa = PBXFileReference; fileEncoding = 4; lastKnownFileType = sourcecode.cpp.cpp; path = CosmogenicLine.C; sourceTree = "<group>"; };
		6610DFAF1221649F0047036E /* CutIonSign.C */ = {isa = PBXFileReference; fileEncoding = 4; lastKnownFileType = sourcecode.cpp.cpp; path = CutIonSign.C; sourceTree = "<group>"; };
		6610DFB01221649F0047036E /* CutVetos.C */ = {isa = PBXFileReference; fileEncoding = 4; lastKnownFileType = sourcecode.cpp.cpp; path = CutVetos.C; sourceTree = "<group>"; };
		6610DFB11221649F0047036E /* DeltaPlot.C */ = {isa = PBXFileReference; fileEncoding = 4; lastKnownFileType = sourcecode.cpp.cpp; path = DeltaPlot.C; sourceTree = "<group>"; };
		6610DFB21221649F0047036E /* DetectTrig.C */ = {isa = PBXFileReference; fileEncoding = 4; lastKnownFileType = sourcecode.cpp.cpp; path = DetectTrig.C; sourceTree = "<group>"; };
		6610DFB31221649F0047036E /* DumpEvent.C */ = {isa = PBXFileReference; fileEncoding = 4; lastKnownFileType = sourcecode.cpp.cpp; path = DumpEvent.C; sourceTree = "<group>"; };
		6610DFB41221649F0047036E /* EventClass.C */ = {isa = PBXFileReference; fileEncoding = 4; lastKnownFileType = sourcecode.cpp.cpp; path = EventClass.C; sourceTree = "<group>"; };
		6610DFB51221649F0047036E /* ExempleNoiseSpec.C */ = {isa = PBXFileReference; fileEncoding = 4; lastKnownFileType = sourcecode.cpp.cpp; path = ExempleNoiseSpec.C; sourceTree = "<group>"; };
		6610DFB61221649F0047036E /* ExposureEvol.C */ = {isa = PBXFileReference; fileEncoding = 4; lastKnownFileType = sourcecode.cpp.cpp; path = ExposureEvol.C; sourceTree = "<group>"; };
		6610DFB71221649F0047036E /* FillRunList.C */ = {isa = PBXFileReference; fileEncoding = 4; lastKnownFileType = sourcecode.cpp.cpp; path = FillRunList.C; sourceTree = "<group>"; };
		6610DFB81221649F0047036E /* FitTemplate.C */ = {isa = PBXFileReference; fileEncoding = 4; lastKnownFileType = sourcecode.cpp.cpp; path = FitTemplate.C; sourceTree = "<group>"; };
		6610DFB91221649F0047036E /* GetSigma356keV.C */ = {isa = PBXFileReference; fileEncoding = 4; lastKnownFileType = sourcecode.cpp.cpp; path = GetSigma356keV.C; sourceTree = "<group>"; };
		6610DFBA1221649F0047036E /* GlobalVariables.C */ = {isa = PBXFileReference; fileEncoding = 4; lastKnownFileType = sourcecode.cpp.cpp; path = GlobalVariables.C; sourceTree = "<group>"; };
		6610DFBB1221649F0047036E /* HeatCalibFunc.C */ = {isa = PBXFileReference; fileEncoding = 4; lastKnownFileType = sourcecode.cpp.cpp; path = HeatCalibFunc.C; sourceTree = "<group>"; };
		6610DFBC1221649F0047036E /* HeatIonEvol.C */ = {isa = PBXFileReference; fileEncoding = 4; lastKnownFileType = sourcecode.cpp.cpp; path = HeatIonEvol.C; sourceTree = "<group>"; };
		6610DFBD1221649F0047036E /* HeatVsIon.C */ = {isa = PBXFileReference; fileEncoding = 4; lastKnownFileType = sourcecode.cpp.cpp; path = HeatVsIon.C; sourceTree = "<group>"; };
		6610DFBE1221649F0047036E /* IonCrossTalk.C */ = {isa = PBXFileReference; fileEncoding = 4; lastKnownFileType = sourcecode.cpp.cpp; path = IonCrossTalk.C; sourceTree = "<group>"; };
		6610DFBF1221649F0047036E /* NoiseThreshold.C */ = {isa = PBXFileReference; fileEncoding = 4; lastKnownFileType = sourcecode.cpp.cpp; path = NoiseThreshold.C; sourceTree = "<group>"; };
		6610DFC01221649F0047036E /* params_id_run10.C */ = {isa = PBXFileReference; fileEncoding = 4; lastKnownFileType = sourcecode.cpp.cpp; path = params_id_run10.C; sourceTree = "<group>"; };
		6610DFC11221649F0047036E /* params_id_run12.C */ = {isa = PBXFileReference; fileEncoding = 4; lastKnownFileType = sourcecode.cpp.cpp; path = params_id_run12.C; sourceTree = "<group>"; };
		6610DFC21221649F0047036E /* PlotEvent.C */ = {isa = PBXFileReference; fileEncoding = 4; lastKnownFileType = sourcecode.cpp.cpp; path = PlotEvent.C; sourceTree = "<group>"; };
		6610DFC31221649F0047036E /* PlotHeatBaseline.C */ = {isa = PBXFileReference; fileEncoding = 4; lastKnownFileType = sourcecode.cpp.cpp; path = PlotHeatBaseline.C; sourceTree = "<group>"; };
		6610DFC41221649F0047036E /* PlotIonBaselines.C */ = {isa = PBXFileReference; fileEncoding = 4; lastKnownFileType = sourcecode.cpp.cpp; path = PlotIonBaselines.C; sourceTree = "<group>"; };
		6610DFC51221649F0047036E /* PulseBin.C */ = {isa = PBXFileReference; fileEncoding = 4; lastKnownFileType = sourcecode.cpp.cpp; path = PulseBin.C; sourceTree = "<group>"; };
		6610DFC6122164A00047036E /* Qplot.C */ = {isa = PBXFileReference; fileEncoding = 4; lastKnownFileType = sourcecode.cpp.cpp; path = Qplot.C; sourceTree = "<group>"; };
		6610DFC7122164A00047036E /* Qplot_withfulldst.C */ = {isa = PBXFileReference; fileEncoding = 4; lastKnownFileType = sourcecode.cpp.cpp; path = Qplot_withfulldst.C; sourceTree = "<group>"; };
		6610DFC8122164A00047036E /* QplotGlobal.C */ = {isa = PBXFileReference; fileEncoding = 4; lastKnownFileType = sourcecode.cpp.cpp; path = QplotGlobal.C; sourceTree = "<group>"; };
		6610DFC9122164A00047036E /* QplotGlobal_old.C */ = {isa = PBXFileReference; fileEncoding = 4; lastKnownFileType = sourcecode.cpp.cpp; path = QplotGlobal_old.C; sourceTree = "<group>"; };
		6610DFCA122164A00047036E /* rootlogon.C */ = {isa = PBXFileReference; fileEncoding = 4; lastKnownFileType = sourcecode.cpp.cpp; path = rootlogon.C; sourceTree = "<group>"; };
		6610DFCB122164A00047036E /* run_evtclass.C */ = {isa = PBXFileReference; fileEncoding = 4; lastKnownFileType = sourcecode.cpp.cpp; path = run_evtclass.C; sourceTree = "<group>"; };
		6610DFCC122164A00047036E /* SelectEvents.C */ = {isa = PBXFileReference; fileEncoding = 4; lastKnownFileType = sourcecode.cpp.cpp; path = SelectEvents.C; sourceTree = "<group>"; };
		6610DFCD122164A00047036E /* start_idrun10_bckgd.C */ = {isa = PBXFileReference; fileEncoding = 4; lastKnownFileType = sourcecode.cpp.cpp; path = start_idrun10_bckgd.C; sourceTree = "<group>"; };
		6610DFCE122164A00047036E /* start_idrun10_gamma.C */ = {isa = PBXFileReference; fileEncoding = 4; lastKnownFileType = sourcecode.cpp.cpp; path = start_idrun10_gamma.C; sourceTree = "<group>"; };
		6610DFCF122164A00047036E /* start_idrun10_neutrons.C */ = {isa = PBXFileReference; fileEncoding = 4; lastKnownFileType = sourcecode.cpp.cpp; path = start_idrun10_neutrons.C; sourceTree = "<group>"; };
		6610DFD0122164A00047036E /* start_idrun12_bckgd.C */ = {isa = PBXFileReference; fileEncoding = 4; lastKnownFileType = sourcecode.cpp.cpp; path = start_idrun12_bckgd.C; sourceTree = "<group>"; };
		6610DFD1122164A00047036E /* start_idrun12_gamma.C */ = {isa = PBXFileReference; fileEncoding = 4; lastKnownFileType = sourcecode.cpp.cpp; path = start_idrun12_gamma.C; sourceTree = "<group>"; };
		6610DFD2122164A00047036E /* start_idrun12_neutrons.C */ = {isa = PBXFileReference; fileEncoding = 4; lastKnownFileType = sourcecode.cpp.cpp; path = start_idrun12_neutrons.C; sourceTree = "<group>"; };
		6610DFD3122164A00047036E /* start_idrun12bis_bckgd.C */ = {isa = PBXFileReference; fileEncoding = 4; lastKnownFileType = sourcecode.cpp.cpp; path = start_idrun12bis_bckgd.C; sourceTree = "<group>"; };
		6610DFD4122164A00047036E /* start_idrun12bis_gamma.C */ = {isa = PBXFileReference; fileEncoding = 4; lastKnownFileType = sourcecode.cpp.cpp; path = start_idrun12bis_gamma.C; sourceTree = "<group>"; };
		6610DFD5122164A00047036E /* start_idrun12bis_neutrons.C */ = {isa = PBXFileReference; fileEncoding = 4; lastKnownFileType = sourcecode.cpp.cpp; path = start_idrun12bis_neutrons.C; sourceTree = "<group>"; };
		6610DFD6122164A00047036E /* UpdateDST.C */ = {isa = PBXFileReference; fileEncoding = 4; lastKnownFileType = sourcecode.cpp.cpp; path = UpdateDST.C; sourceTree = "<group>"; };
		6610DFD7122164A00047036E /* UpdateEnergy.C */ = {isa = PBXFileReference; fileEncoding = 4; lastKnownFileType = sourcecode.cpp.cpp; path = UpdateEnergy.C; sourceTree = "<group>"; };
		6610DFD8122164A00047036E /* visu_evts.C */ = {isa = PBXFileReference; fileEncoding = 4; lastKnownFileType = sourcecode.cpp.cpp; path = visu_evts.C; sourceTree = "<group>"; };
		6610E2DD1223D1EB0047036E /* Module.mk */ = {isa = PBXFileReference; fileEncoding = 4; lastKnownFileType = text; path = Module.mk; sourceTree = "<group>"; };
		6610E2DE1223D1EB0047036E /* Module_libs.mk */ = {isa = PBXFileReference; fileEncoding = 4; lastKnownFileType = text; path = Module_libs.mk; sourceTree = "<group>"; };
		6610E2EC1223D5B30047036E /* KPsaProcessor.h */ = {isa = PBXFileReference; fileEncoding = 4; lastKnownFileType = sourcecode.c.h; path = KPsaProcessor.h; sourceTree = "<group>"; };
		6610E2ED1223D5B30047036E /* KPsaProcessor.cxx */ = {isa = PBXFileReference; fileEncoding = 4; lastKnownFileType = sourcecode.cpp.cpp; path = KPsaProcessor.cxx; sourceTree = "<group>"; };
		6610E364122422170047036E /* KPulseAnalysisChain.h */ = {isa = PBXFileReference; fileEncoding = 4; lastKnownFileType = sourcecode.c.h; path = KPulseAnalysisChain.h; sourceTree = "<group>"; };
		6610E365122422170047036E /* KPulseAnalysisChain.cxx */ = {isa = PBXFileReference; fileEncoding = 4; lastKnownFileType = sourcecode.cpp.cpp; path = KPulseAnalysisChain.cxx; sourceTree = "<group>"; };
		6610E44B1224695B0047036E /* KBaselineRemoval.h */ = {isa = PBXFileReference; fileEncoding = 4; lastKnownFileType = sourcecode.c.h; path = KBaselineRemoval.h; sourceTree = "<group>"; };
		6610E44C1224695B0047036E /* KBaselineRemoval.cxx */ = {isa = PBXFileReference; fileEncoding = 4; lastKnownFileType = sourcecode.cpp.cpp; path = KBaselineRemoval.cxx; sourceTree = "<group>"; };
		6610E44D122469D30047036E /* KPatternRemoval.h */ = {isa = PBXFileReference; fileEncoding = 4; lastKnownFileType = sourcecode.c.h; path = KPatternRemoval.h; sourceTree = "<group>"; };
		6610E44E122469D30047036E /* KPatternRemoval.cxx */ = {isa = PBXFileReference; fileEncoding = 4; lastKnownFileType = sourcecode.cpp.cpp; path = KPatternRemoval.cxx; sourceTree = "<group>"; };
		6610E7811226D91F0047036E /* KRealToHalfComplexDFT.h */ = {isa = PBXFileReference; fileEncoding = 4; lastKnownFileType = sourcecode.c.h; path = KRealToHalfComplexDFT.h; sourceTree = "<group>"; };
		6610E7821226D91F0047036E /* KRealToHalfComplexDFT.cxx */ = {isa = PBXFileReference; fileEncoding = 4; lastKnownFileType = sourcecode.cpp.cpp; path = KRealToHalfComplexDFT.cxx; sourceTree = "<group>"; };
		6610E7CB122703DA0047036E /* KEraRawEventReader.cxx */ = {isa = PBXFileReference; fileEncoding = 4; lastKnownFileType = sourcecode.cpp.cpp; path = KEraRawEventReader.cxx; sourceTree = "<group>"; };
		6610E7CC122703DA0047036E /* KEraRawEventReader.h */ = {isa = PBXFileReference; fileEncoding = 4; lastKnownFileType = sourcecode.c.h; path = KEraRawEventReader.h; sourceTree = "<group>"; };
		6610E7CD122703DA0047036E /* KEraRawFileIO.cxx */ = {isa = PBXFileReference; fileEncoding = 4; lastKnownFileType = sourcecode.cpp.cpp; path = KEraRawFileIO.cxx; sourceTree = "<group>"; };
		6610E7CE122703DA0047036E /* KEraRawFileIO.h */ = {isa = PBXFileReference; fileEncoding = 4; lastKnownFileType = sourcecode.c.h; path = KEraRawFileIO.h; sourceTree = "<group>"; };
		6610E7CF122703DA0047036E /* Module.mk */ = {isa = PBXFileReference; fileEncoding = 4; lastKnownFileType = text; path = Module.mk; sourceTree = "<group>"; };
		6610E7D0122703DA0047036E /* Module_libs.mk */ = {isa = PBXFileReference; fileEncoding = 4; lastKnownFileType = text; path = Module_libs.mk; sourceTree = "<group>"; };
/* End PBXFileReference section */

/* Begin PBXGroup section */
		6610DD46121ECAAA0047036E = {
			isa = PBXGroup;
			children = (
				6610DE9D121F2D100047036E /* Makefile */,
				6610DE9E121F2D180047036E /* BugList.rtf */,
				6610DE9F121F2D210047036E /* WishList.rtf */,
				6610DEA0121F2D2A0047036E /* Modules.mk */,
				6610DF47122096630047036E /* install_kdata */,
				6610DEAE121F2D440047036E /* examples */,
				6610DEA1121F2D390047036E /* config */,
				6610DDEA121ECC290047036E /* scripts */,
				6610DE3A121EDA680047036E /* ktemplate */,
				6610DDED121ECC440047036E /* kds */,
				6610E2DC1223D1EB0047036E /* kpsa */,
				6610DF4D122149780047036E /* era */,
				6610E7CA122703DA0047036E /* kera */,
			);
			sourceTree = "<group>";
		};
		6610DDEA121ECC290047036E /* scripts */ = {
			isa = PBXGroup;
			children = (
				6610DDEB121ECC290047036E /* depend.sh */,
				6610DDEC121ECC290047036E /* MakeHTML.C */,
			);
			path = scripts;
			sourceTree = "<group>";
		};
		6610DDED121ECC440047036E /* kds */ = {
			isa = PBXGroup;
			children = (
				6610DE25121ECC440047036E /* Module.mk */,
				6610DE26121ECC440047036E /* Module_libs.mk */,
				6610DE2C121ED8260047036E /* Utilities */,
				6610DE2D121ED82C0047036E /* Record Classes */,
				6610DE2B121ED8200047036E /* Event Classes */,
				6610DE2A121ED8080047036E /* executables */,
			);
			path = kds;
			sourceTree = "<group>";
		};
		6610DE2A121ED8080047036E /* executables */ = {
			isa = PBXGroup;
			children = (
				6610DDEE121ECC440047036E /* allPassOne_GSEventNumbers.cxx */,
				6610DDEF121ECC440047036E /* breakupKDataFile.cxx */,
				6610DDF0121ECC440047036E /* fillEvents.cxx */,
				6610DE27121ECC440047036E /* skimNoNoiseBolos.cxx */,
			);
			name = executables;
			path = ..;
			sourceTree = "<group>";
		};
		6610DE2B121ED8200047036E /* Event Classes */ = {
			isa = PBXGroup;
			children = (
				6610DE0B121ECC440047036E /* KHLAEvent.cxx */,
				6610DE0C121ECC440047036E /* KHLAEvent.h */,
				6610DE0D121ECC440047036E /* KHLaMCEvent.cxx */,
				6610DE0E121ECC440047036E /* KHLaMCEvent.h */,
				6610DE1B121ECC440047036E /* KRawEvent.cxx */,
				6610DE1C121ECC440047036E /* KRawEvent.h */,
				6610DDFF121ECC440047036E /* KEvent.cxx */,
				6610DE00121ECC440047036E /* KEvent.h */,
			);
			name = "Event Classes";
			sourceTree = "<group>";
		};
		6610DE2C121ED8260047036E /* Utilities */ = {
			isa = PBXGroup;
			children = (
				6610DE23121ECC440047036E /* KTimeStamp.cxx */,
				6610DE24121ECC440047036E /* KTimeStamp.h */,
				6610DE01121ECC440047036E /* KEventCollection.cxx */,
				6610DE02121ECC440047036E /* KEventCollection.h */,
				6610DE03121ECC440047036E /* KEventFactory.cxx */,
				6610DE04121ECC440047036E /* KEventFactory.h */,
				6610DDF7121ECC440047036E /* KDataAnalysis.cxx */,
				6610DDF8121ECC440047036E /* KDataAnalysis.h */,
				6610DDF9121ECC440047036E /* KDataFileIO.cxx */,
				6610DDFA121ECC440047036E /* KDataFileIO.h */,
				6610DDFB121ECC440047036E /* KDataReader.cxx */,
				6610DDFC121ECC440047036E /* KDataReader.h */,
				6610DDFD121ECC440047036E /* KDataWriter.cxx */,
				6610DDFE121ECC440047036E /* KDataWriter.h */,
			);
			name = Utilities;
			sourceTree = "<group>";
		};
		6610DE2D121ED82C0047036E /* Record Classes */ = {
			isa = PBXGroup;
			children = (
				6610DE2F121ED83B0047036E /* System Records */,
				6610DE2E121ED8350047036E /* Sub Records */,
			);
			name = "Record Classes";
			sourceTree = "<group>";
		};
		6610DE2E121ED8350047036E /* Sub Records */ = {
			isa = PBXGroup;
			children = (
				6610DE0F121ECC440047036E /* KHLAMuonModuleRecord.cxx */,
				6610DE10121ECC440047036E /* KHLAMuonModuleRecord.h */,
				6610DE13121ECC440047036E /* KHLASambaRecord.cxx */,
				6610DE14121ECC440047036E /* KHLASambaRecord.h */,
				6610DE15121ECC440047036E /* KMCBolometerRecord.cxx */,
				6610DE16121ECC440047036E /* KMCBolometerRecord.h */,
				6610DE05121ECC440047036E /* KHLABolometerRecord.cxx */,
				6610DE06121ECC440047036E /* KHLABolometerRecord.h */,
				6610DE07121ECC440047036E /* KHLABoloPulseRecord.cxx */,
				6610DE08121ECC440047036E /* KHLABoloPulseRecord.h */,
				6610DE31121ED8470047036E /* Bases */,
			);
			name = "Sub Records";
			sourceTree = "<group>";
		};
		6610DE2F121ED83B0047036E /* System Records */ = {
			isa = PBXGroup;
			children = (
				6610DE09121ECC440047036E /* KHLABoloSysRecord.cxx */,
				6610DE0A121ECC440047036E /* KHLABoloSysRecord.h */,
				6610DE11121ECC440047036E /* KHLAMuonVetoSysRecord.cxx */,
				6610DE12121ECC440047036E /* KHLAMuonVetoSysRecord.h */,
				6610DE30121ED8420047036E /* Bases */,
			);
			name = "System Records";
			sourceTree = "<group>";
		};
		6610DE30121ED8420047036E /* Bases */ = {
			isa = PBXGroup;
			children = (
				6610DE19121ECC440047036E /* KMuonVetoSystemRecord.cxx */,
				6610DE1A121ECC440047036E /* KMuonVetoSystemRecord.h */,
				6610DE21121ECC440047036E /* KSystemRecord.cxx */,
				6610DE22121ECC440047036E /* KSystemRecord.h */,
				6610DDF5121ECC440047036E /* KBoloSystemRecord.cxx */,
				6610DDF6121ECC440047036E /* KBoloSystemRecord.h */,
			);
			name = Bases;
			sourceTree = "<group>";
		};
		6610DE31121ED8470047036E /* Bases */ = {
			isa = PBXGroup;
			children = (
				6610DE17121ECC440047036E /* KMuonModuleRecord.cxx */,
				6610DE18121ECC440047036E /* KMuonModuleRecord.h */,
				6610DE1D121ECC440047036E /* KSambaRecord.cxx */,
				6610DE1E121ECC440047036E /* KSambaRecord.h */,
				6610DE1F121ECC440047036E /* KSubRecord.cxx */,
				6610DE20121ECC440047036E /* KSubRecord.h */,
				6610DDF1121ECC440047036E /* KBolometerRecord.cxx */,
				6610DDF2121ECC440047036E /* KBolometerRecord.h */,
				6610DDF3121ECC440047036E /* KBoloPulseRecord.cxx */,
				6610DDF4121ECC440047036E /* KBoloPulseRecord.h */,
			);
			name = Bases;
			sourceTree = "<group>";
		};
		6610DE3A121EDA680047036E /* ktemplate */ = {
			isa = PBXGroup;
			children = (
				6610DE3E121EDADB0047036E /* Module_libs.mk */,
				6610DE3F121EDADB0047036E /* Module.mk */,
				6610DE3B121EDA680047036E /* KMyTemplateClass.cxx */,
				6610DE3C121EDA680047036E /* KMyTemplateClass.h */,
				6610DF2812208FB10047036E /* exampleProgram.cxx */,
			);
			path = ktemplate;
			sourceTree = "<group>";
		};
		6610DEA1121F2D390047036E /* config */ = {
			isa = PBXGroup;
			children = (
				6610DEA2121F2D390047036E /* checkenv */,
				6610DEA3121F2D390047036E /* configure */,
				6610DEA4121F2D3A0047036E /* Makefile.linux */,
				6610DEA5121F2D3A0047036E /* Makefile.linuxx8664gcc */,
				6610DEA6121F2D3A0047036E /* Makefile.macosx */,
				6610DEA7121F2D3A0047036E /* Makefile.macosx64 */,
				6610DEA8121F2D3A0047036E /* Makefile.solarisCC5 */,
				6610DEA9121F2D3A0047036E /* Makefile.solarisgcc */,
				6610DEAA121F2D3A0047036E /* min_versions.pm */,
				6610DEAB121F2D3A0047036E /* setup_edw.C */,
				6610DEAC121F2D3A0047036E /* setup_kdata.csh */,
				6610DEAD121F2D3A0047036E /* setup_kdata.sh */,
			);
			path = config;
			sourceTree = "<group>";
		};
		6610DEAE121F2D440047036E /* examples */ = {
			isa = PBXGroup;
			children = (
				6610DEAF121F2D440047036E /* concatDst.cc */,
				6610DEB0121F2D440047036E /* ExampleAnalysis.cc */,
				6610DEB1121F2D440047036E /* fillEraToKEds.cc */,
				6610DEB2121F2D440047036E /* fillExample.cc */,
				6610DEB3121F2D440047036E /* fillMuonVetoEvents.cc */,
				6610DEB4121F2D440047036E /* HowToFillEDS.txt */,
				6610DEB5121F2D440047036E /* mergeKEdsTree.cc */,
				6610DEB6121F2D440047036E /* processMuonVetoToKEDSOnKalinka.root.C */,
				6610DEB7121F2D440047036E /* rootScript_concatBoloEra.c */,
				6610DEB8121F2D440047036E /* rootScript_concatMuonKEdwDS.c */,
				6610DEB9121F2D440047036E /* rootScript_fillEraToKEdsEvents.c */,
				6610DEBA121F2D440047036E /* rootScript_fillExample.c */,
				6610DEBB121F2D440047036E /* rootScript_mergeKEdsTrees.c */,
				6610DEBC121F2D440047036E /* scriptStartMerge.sh */,
				6610DEBD121F2D440047036E /* testMem.C */,
			);
			path = examples;
			sourceTree = "<group>";
		};
		6610DF4D122149780047036E /* era */ = {
			isa = PBXGroup;
			children = (
				6610DF931221649F0047036E /* Macros */,
				6610DF881221646E0047036E /* Scripts */,
				6610DF73122149780047036E /* Module.mk */,
				6610DF74122149780047036E /* Module_libs.mk */,
				6610DF4E122149780047036E /* _old_module.mk */,
				6610DF4F122149780047036E /* _old_module_libs.mk */,
				6610DF67122149780047036E /* edwrootana.cxx */,
				6674AD0B12215BE700630388 /* Event */,
				6674AD0A12215BD100630388 /* DataBase */,
				6610DF52122149780047036E /* EdwAutomateData.cxx */,
				6610DF53122149780047036E /* EdwAutomateData.h */,
				6610DF5A122149780047036E /* EdwNtpBuffer.cxx */,
				6610DF5B122149780047036E /* EdwNtpBuffer.h */,
				6610DF5C122149780047036E /* EdwNtuple.cxx */,
				6610DF5D122149780047036E /* EdwNtuple.h */,
				6610DF5E122149780047036E /* EdwParams.cxx */,
				6610DF5F122149780047036E /* EdwPreprocessData.cxx */,
				6610DF60122149780047036E /* EdwPreprocessData.h */,
				6610DF63122149780047036E /* EdwQualityFlags.cxx */,
				6610DF64122149780047036E /* EdwQualityFlags.h */,
				6610DF68122149780047036E /* EdwRunData.cxx */,
				6610DF69122149780047036E /* EdwRunData.h */,
				6610DF6A122149780047036E /* EdwSetupData.cxx */,
				6610DF6B122149780047036E /* EdwSetupData.h */,
				6610DF6C122149780047036E /* EdwTemplate.cxx */,
				6610DF6D122149780047036E /* EdwTemplate.h */,
				6610DF6E122149780047036E /* EdwUtils.cxx */,
				6610DF6F122149780047036E /* EdwUtils.h */,
				6610DF72122149780047036E /* Mixfft.cxx */,
				6610DF75122149780047036E /* mRootAna_tests.cxx */,
				6610DF76122149780047036E /* OffsetFFT.cxx */,
				6610DF77122149780047036E /* OffsetFFT.h */,
				6610DF7A122149780047036E /* SambaToRoot.cxx */,
				6610DF7B122149780047036E /* SambaToRoot.h */,
			);
			path = era;
			sourceTree = "<group>";
		};
		6610DF881221646E0047036E /* Scripts */ = {
			isa = PBXGroup;
			children = (
				6610DF891221646E0047036E /* basicprocess.sh */,
				6610DF8A1221646E0047036E /* buildrawdb.sh */,
				6610DF8B1221646E0047036E /* buildtemplate.sh */,
				6610DF8C1221646E0047036E /* calibwiener.sh */,
				6610DF8D1221646E0047036E /* getdatafromsrb.sh */,
				6610DF8E1221646E0047036E /* getnbevts.sh */,
				6610DF8F1221646E0047036E /* preprocess.sh */,
				6610DF901221646E0047036E /* process.sh */,
				6610DF911221646E0047036E /* process_nosync.sh */,
				6610DF921221646E0047036E /* readsamba.sh */,
			);
			path = Scripts;
			sourceTree = "<group>";
		};
		6610DF931221649F0047036E /* Macros */ = {
			isa = PBXGroup;
			children = (
				6610DF941221649F0047036E /* AcceptanceFunction.C */,
				6610DF951221649F0047036E /* AcceptGlobal.C */,
				6610DF961221649F0047036E /* analyse_gc2.C */,
				6610DF971221649F0047036E /* analyse_idrun10_bckgd.C */,
				6610DF981221649F0047036E /* analyse_idrun10_gamma.C */,
				6610DF991221649F0047036E /* analyse_idrun10_neutrons.C */,
				6610DF9A1221649F0047036E /* analyse_idrun12_bckgd.C */,
				6610DF9B1221649F0047036E /* analyse_idrun12_gamma.C */,
				6610DF9C1221649F0047036E /* analyse_idrun12_global.C */,
				6610DF9D1221649F0047036E /* analyse_idrun12_neutrons.C */,
				6610DF9E1221649F0047036E /* analyse_idrun12bis_bckgd.C */,
				6610DF9F1221649F0047036E /* analyse_idrun12bis_gamma.C */,
				6610DFA01221649F0047036E /* analyse_idrun12bis_neutrons.C */,
				6610DFA11221649F0047036E /* BaselineEvol.C */,
				6610DFA21221649F0047036E /* BuildBoloRunList.C */,
				6610DFA31221649F0047036E /* BuildCutFile.C */,
				6610DFA41221649F0047036E /* BuildDST.C */,
				6610DFA51221649F0047036E /* BuildDSTRed.C */,
				6610DFA61221649F0047036E /* BuildHeatEnergy.C */,
				6610DFA71221649F0047036E /* BuildIonEnergy.C */,
				6610DFA81221649F0047036E /* BuildPeriodList.C */,
				6610DFA91221649F0047036E /* BuildTimestamp.C */,
				6610DFAA1221649F0047036E /* ChannelName.C */,
				6610DFAB1221649F0047036E /* ChannelType.C */,
				6610DFAC1221649F0047036E /* Chi2Distri.C */,
				6610DFAD1221649F0047036E /* Collectrodes.C */,
				6610DFAE1221649F0047036E /* CosmogenicLine.C */,
				6610DFAF1221649F0047036E /* CutIonSign.C */,
				6610DFB01221649F0047036E /* CutVetos.C */,
				6610DFB11221649F0047036E /* DeltaPlot.C */,
				6610DFB21221649F0047036E /* DetectTrig.C */,
				6610DFB31221649F0047036E /* DumpEvent.C */,
				6610DFB41221649F0047036E /* EventClass.C */,
				6610DFB51221649F0047036E /* ExempleNoiseSpec.C */,
				6610DFB61221649F0047036E /* ExposureEvol.C */,
				6610DFB71221649F0047036E /* FillRunList.C */,
				6610DFB81221649F0047036E /* FitTemplate.C */,
				6610DFB91221649F0047036E /* GetSigma356keV.C */,
				6610DFBA1221649F0047036E /* GlobalVariables.C */,
				6610DFBB1221649F0047036E /* HeatCalibFunc.C */,
				6610DFBC1221649F0047036E /* HeatIonEvol.C */,
				6610DFBD1221649F0047036E /* HeatVsIon.C */,
				6610DFBE1221649F0047036E /* IonCrossTalk.C */,
				6610DFBF1221649F0047036E /* NoiseThreshold.C */,
				6610DFC01221649F0047036E /* params_id_run10.C */,
				6610DFC11221649F0047036E /* params_id_run12.C */,
				6610DFC21221649F0047036E /* PlotEvent.C */,
				6610DFC31221649F0047036E /* PlotHeatBaseline.C */,
				6610DFC41221649F0047036E /* PlotIonBaselines.C */,
				6610DFC51221649F0047036E /* PulseBin.C */,
				6610DFC6122164A00047036E /* Qplot.C */,
				6610DFC7122164A00047036E /* Qplot_withfulldst.C */,
				6610DFC8122164A00047036E /* QplotGlobal.C */,
				6610DFC9122164A00047036E /* QplotGlobal_old.C */,
				6610DFCA122164A00047036E /* rootlogon.C */,
				6610DFCB122164A00047036E /* run_evtclass.C */,
				6610DFCC122164A00047036E /* SelectEvents.C */,
				6610DFCD122164A00047036E /* start_idrun10_bckgd.C */,
				6610DFCE122164A00047036E /* start_idrun10_gamma.C */,
				6610DFCF122164A00047036E /* start_idrun10_neutrons.C */,
				6610DFD0122164A00047036E /* start_idrun12_bckgd.C */,
				6610DFD1122164A00047036E /* start_idrun12_gamma.C */,
				6610DFD2122164A00047036E /* start_idrun12_neutrons.C */,
				6610DFD3122164A00047036E /* start_idrun12bis_bckgd.C */,
				6610DFD4122164A00047036E /* start_idrun12bis_gamma.C */,
				6610DFD5122164A00047036E /* start_idrun12bis_neutrons.C */,
				6610DFD6122164A00047036E /* UpdateDST.C */,
				6610DFD7122164A00047036E /* UpdateEnergy.C */,
				6610DFD8122164A00047036E /* visu_evts.C */,
			);
			path = Macros;
			sourceTree = "<group>";
		};
		6610E2DC1223D1EB0047036E /* kpsa */ = {
			isa = PBXGroup;
			children = (
				6610E2DD1223D1EB0047036E /* Module.mk */,
				6610E2DE1223D1EB0047036E /* Module_libs.mk */,
				6610E2EC1223D5B30047036E /* KPsaProcessor.h */,
				6610E2ED1223D5B30047036E /* KPsaProcessor.cxx */,
				6610E364122422170047036E /* KPulseAnalysisChain.h */,
				6610E365122422170047036E /* KPulseAnalysisChain.cxx */,
				6610E44B1224695B0047036E /* KBaselineRemoval.h */,
				6610E44C1224695B0047036E /* KBaselineRemoval.cxx */,
				6610E44D122469D30047036E /* KPatternRemoval.h */,
				6610E44E122469D30047036E /* KPatternRemoval.cxx */,
				6610E7811226D91F0047036E /* KRealToHalfComplexDFT.h */,
				6610E7821226D91F0047036E /* KRealToHalfComplexDFT.cxx */,
			);
			path = kpsa;
			sourceTree = "<group>";
		};
		6610E7CA122703DA0047036E /* kera */ = {
			isa = PBXGroup;
			children = (
				6610E7CB122703DA0047036E /* KEraRawEventReader.cxx */,
				6610E7CC122703DA0047036E /* KEraRawEventReader.h */,
				6610E7CD122703DA0047036E /* KEraRawFileIO.cxx */,
				6610E7CE122703DA0047036E /* KEraRawFileIO.h */,
				6610E7CF122703DA0047036E /* Module.mk */,
				6610E7D0122703DA0047036E /* Module_libs.mk */,
			);
			path = kera;
			sourceTree = "<group>";
		};
		6674AD0A12215BD100630388 /* DataBase */ = {
			isa = PBXGroup;
			children = (
				6610DF50122149780047036E /* EdwAnaDB.cxx */,
				6610DF51122149780047036E /* EdwAnaDB.h */,
				6610DF54122149780047036E /* EdwDB.cxx */,
				6610DF55122149780047036E /* EdwDB.h */,
				6610DF65122149780047036E /* EdwRawDB.cxx */,
				6610DF66122149780047036E /* EdwRawDB.h */,
			);
			name = DataBase;
			sourceTree = "<group>";
		};
		6674AD0B12215BE700630388 /* Event */ = {
			isa = PBXGroup;
			children = (
				6610DF56122149780047036E /* EdwEvent.cxx */,
				6610DF57122149780047036E /* EdwEvent.h */,
				6610DF58122149780047036E /* EdwEventHeader.cxx */,
				6610DF59122149780047036E /* EdwEventHeader.h */,
				6610DF61122149780047036E /* EdwPulse.cxx */,
				6610DF62122149780047036E /* EdwPulse.h */,
				6610DF78122149780047036E /* Pulse.cxx */,
				6610DF79122149780047036E /* Pulse.h */,
				6610DF70122149780047036E /* FitPulse.cxx */,
				6610DF71122149780047036E /* FitPulse.h */,
			);
			name = Event;
			sourceTree = "<group>";
		};
/* End PBXGroup section */

/* Begin PBXProject section */
		6610DD48121ECAAA0047036E /* Project object */ = {
			isa = PBXProject;
			buildConfigurationList = 6610DD4B121ECAAA0047036E /* Build configuration list for PBXProject "kData" */;
			compatibilityVersion = "Xcode 3.2";
			hasScannedForEncodings = 0;
			knownRegions = (
				en,
			);
			mainGroup = 6610DD46121ECAAA0047036E;
			projectDirPath = "";
			projectRoot = "";
			targets = (
				6610DD53121ECAB90047036E /* make */,
				6610DE34121ED9740047036E /* clean */,
				6610E0111221AD040047036E /* make-era */,
				6610E0151221AD270047036E /* clean-era */,
			);
		};
/* End PBXProject section */

/* Begin PBXShellScriptBuildPhase section */
		6610DD52121ECAB90047036E /* ShellScript */ = {
			isa = PBXShellScriptBuildPhase;
			buildActionMask = 2147483647;
			files = (
			);
			inputPaths = (
			);
			outputPaths = (
			);
			runOnlyForDeploymentPostprocessing = 0;
			shellPath = /bin/tcsh;
			shellScript = "# shell script goes here\ncd $SRCROOT\nmake\nexit 0";
		};
		6610DE33121ED9740047036E /* ShellScript */ = {
			isa = PBXShellScriptBuildPhase;
			buildActionMask = 2147483647;
			files = (
			);
			inputPaths = (
			);
			outputPaths = (
			);
			runOnlyForDeploymentPostprocessing = 0;
			shellPath = /bin/tcsh;
			shellScript = "# shell script goes here\ncd $SRCROOT\nmake clean\nexit 0";
		};
		6610E0101221AD040047036E /* ShellScript */ = {
			isa = PBXShellScriptBuildPhase;
			buildActionMask = 2147483647;
			files = (
			);
			inputPaths = (
			);
			outputPaths = (
			);
			runOnlyForDeploymentPostprocessing = 0;
			shellPath = /bin/tcsh;
			shellScript = "# shell script goes here\ncd $SRCROOT\nmake all-era\nexit 0";
		};
		6610E0161221AD270047036E /* ShellScript */ = {
			isa = PBXShellScriptBuildPhase;
			buildActionMask = 2147483647;
			files = (
			);
			inputPaths = (
			);
			outputPaths = (
			);
			runOnlyForDeploymentPostprocessing = 0;
			shellPath = /bin/tcsh;
			shellScript = "# shell script goes here\ncd $SRCROOT\nmake clean-era\nexit 0";
		};
/* End PBXShellScriptBuildPhase section */

/* Begin XCBuildConfiguration section */
		6610DD49121ECAAA0047036E /* Debug */ = {
			isa = XCBuildConfiguration;
			buildSettings = {
				COPY_PHASE_STRIP = NO;
			};
			name = Debug;
		};
		6610DD4A121ECAAA0047036E /* Release */ = {
			isa = XCBuildConfiguration;
			buildSettings = {
				COPY_PHASE_STRIP = YES;
			};
			name = Release;
		};
		6610DD54121ECAB90047036E /* Debug */ = {
			isa = XCBuildConfiguration;
			buildSettings = {
				COPY_PHASE_STRIP = NO;
				GCC_DYNAMIC_NO_PIC = NO;
				GCC_OPTIMIZATION_LEVEL = 0;
				PRODUCT_NAME = make;
			};
			name = Debug;
		};
		6610DD55121ECAB90047036E /* Release */ = {
			isa = XCBuildConfiguration;
			buildSettings = {
				COPY_PHASE_STRIP = YES;
				DEBUG_INFORMATION_FORMAT = "dwarf-with-dsym";
				GCC_ENABLE_FIX_AND_CONTINUE = NO;
				PRODUCT_NAME = make;
				ZERO_LINK = NO;
			};
			name = Release;
		};
		6610DE35121ED9750047036E /* Debug */ = {
			isa = XCBuildConfiguration;
			buildSettings = {
				COPY_PHASE_STRIP = NO;
				GCC_DYNAMIC_NO_PIC = NO;
				GCC_OPTIMIZATION_LEVEL = 0;
				PRODUCT_NAME = clean;
			};
			name = Debug;
		};
		6610DE36121ED9750047036E /* Release */ = {
			isa = XCBuildConfiguration;
			buildSettings = {
				COPY_PHASE_STRIP = YES;
				DEBUG_INFORMATION_FORMAT = "dwarf-with-dsym";
				GCC_ENABLE_FIX_AND_CONTINUE = NO;
				PRODUCT_NAME = clean;
				ZERO_LINK = NO;
			};
			name = Release;
		};
		6610E0121221AD050047036E /* Debug */ = {
			isa = XCBuildConfiguration;
			buildSettings = {
				COPY_PHASE_STRIP = NO;
				GCC_DYNAMIC_NO_PIC = NO;
				GCC_OPTIMIZATION_LEVEL = 0;
				PRODUCT_NAME = "make-era";
			};
			name = Debug;
		};
		6610E0131221AD050047036E /* Release */ = {
			isa = XCBuildConfiguration;
			buildSettings = {
				COPY_PHASE_STRIP = YES;
				DEBUG_INFORMATION_FORMAT = "dwarf-with-dsym";
				GCC_ENABLE_FIX_AND_CONTINUE = NO;
				PRODUCT_NAME = "make-era";
				ZERO_LINK = NO;
			};
			name = Release;
		};
		6610E0181221AD270047036E /* Debug */ = {
			isa = XCBuildConfiguration;
			buildSettings = {
				COPY_PHASE_STRIP = NO;
				GCC_DYNAMIC_NO_PIC = NO;
				GCC_OPTIMIZATION_LEVEL = 0;
				PRODUCT_NAME = "make-era";
			};
			name = Debug;
		};
		6610E0191221AD270047036E /* Release */ = {
			isa = XCBuildConfiguration;
			buildSettings = {
				COPY_PHASE_STRIP = YES;
				DEBUG_INFORMATION_FORMAT = "dwarf-with-dsym";
				GCC_ENABLE_FIX_AND_CONTINUE = NO;
				PRODUCT_NAME = "make-era";
				ZERO_LINK = NO;
			};
			name = Release;
		};
/* End XCBuildConfiguration section */

/* Begin XCConfigurationList section */
		6610DD4B121ECAAA0047036E /* Build configuration list for PBXProject "kData" */ = {
			isa = XCConfigurationList;
			buildConfigurations = (
				6610DD49121ECAAA0047036E /* Debug */,
				6610DD4A121ECAAA0047036E /* Release */,
			);
			defaultConfigurationIsVisible = 0;
			defaultConfigurationName = Release;
		};
		6610DD5C121ECAE40047036E /* Build configuration list for PBXAggregateTarget "make" */ = {
			isa = XCConfigurationList;
			buildConfigurations = (
				6610DD54121ECAB90047036E /* Debug */,
				6610DD55121ECAB90047036E /* Release */,
			);
			defaultConfigurationIsVisible = 0;
			defaultConfigurationName = Release;
		};
		6610DE39121ED99E0047036E /* Build configuration list for PBXAggregateTarget "clean" */ = {
			isa = XCConfigurationList;
			buildConfigurations = (
				6610DE35121ED9750047036E /* Debug */,
				6610DE36121ED9750047036E /* Release */,
			);
			defaultConfigurationIsVisible = 0;
			defaultConfigurationName = Release;
		};
		6610E0141221AD270047036E /* Build configuration list for PBXAggregateTarget "make-era" */ = {
			isa = XCConfigurationList;
			buildConfigurations = (
				6610E0121221AD050047036E /* Debug */,
				6610E0131221AD050047036E /* Release */,
			);
			defaultConfigurationIsVisible = 0;
			defaultConfigurationName = Release;
		};
		6610E0171221AD270047036E /* Build configuration list for PBXAggregateTarget "clean-era" */ = {
			isa = XCConfigurationList;
			buildConfigurations = (
				6610E0181221AD270047036E /* Debug */,
				6610E0191221AD270047036E /* Release */,
			);
			defaultConfigurationIsVisible = 0;
			defaultConfigurationName = Release;
		};
/* End XCConfigurationList section */
	};
	rootObject = 6610DD48121ECAAA0047036E /* Project object */;
}
